# THIS IS AN AUTOGENERATED FILE. DO NOT EDIT THIS FILE DIRECTLY.
# yarn lockfile v1


ohm-js@^16.3.4:
  version "16.3.4"
  resolved "https://registry.yarnpkg.com/ohm-js/-/ohm-js-16.3.4.tgz#c0aef541785b9a70d4d52fd42e74c0405e84cc6f"
  integrity sha512-Twk5k+an4HLKH/3QMiItq87svx+2aG6HVYa3jTs5D54GuKIYs2UQUF5NH/+y/pvVmocwWulrBd4VdrNVPQ2zJQ==
